
Microsoft Visual Studio Solution File, Format Version 12.00
Project("{FAE04EC0-301F-11D3-BF4B-00C04F79EFBC}") = "PolyZone", "PolyZone\PolyZone.csproj", "{68C5FD0A-24EA-48D0-9E9E-CB703F93F961}"
EndProject
Project("{FAE04EC0-301F-11D3-BF4B-00C04F79EFBC}") = "PolyZone.Tests", "PolyZone.Tests\PolyZone.Tests.csproj", "{F0073549-1FD4-4C80-960F-5D2769EAB3CE}"
EndProject
Global
	GlobalSection(SolutionConfigurationPlatforms) = preSolution
		Debug|Any CPU = Debug|Any CPU
		Release|Any CPU = Release|Any CPU
	EndGlobalSection
	GlobalSection(ProjectConfigurationPlatforms) = postSolution
		{68C5FD0A-24EA-48D0-9E9E-CB703F93F961}.Debug|Any CPU.ActiveCfg = Debug|Any CPU
		{68C5FD0A-24EA-48D0-9E9E-CB703F93F961}.Debug|Any CPU.Build.0 = Debug|Any CPU
		{68C5FD0A-24EA-48D0-9E9E-CB703F93F961}.Release|Any CPU.ActiveCfg = Release|Any CPU
		{68C5FD0A-24EA-48D0-9E9E-CB703F93F961}.Release|Any CPU.Build.0 = Release|Any CPU
		{F0073549-1FD4-4C80-960F-5D2769EAB3CE}.Debug|Any CPU.ActiveCfg = Debug|Any CPU
		{F0073549-1FD4-4C80-960F-5D2769EAB3CE}.Debug|Any CPU.Build.0 = Debug|Any CPU
		{F0073549-1FD4-4C80-960F-5D2769EAB3CE}.Release|Any CPU.ActiveCfg = Release|Any CPU
		{F0073549-1FD4-4C80-960F-5D2769EAB3CE}.Release|Any CPU.Build.0 = Release|Any CPU
	EndGlobalSection
EndGlobal
